SITE
  remote: https://supermarket.chef.io/api/v1
  specs:
    apt (2.7.0)
    packagecloud (0.0.17)
    yum (3.5.4)
    yum-epel (0.6.0)
      yum (~> 3.0)

PATH
  remote: .
  specs:
    runit (1.5.18)
      packagecloud (>= 0.0.0)

PATH
  remote: ./test/cookbooks/runit_test
  specs:
    runit_test (1.0.0)

DEPENDENCIES
  apt (>= 0)
  runit (>= 0)
  runit_test (>= 0)
  yum-epel (>= 0)

