SITE
  remote: https://supermarket.chef.io/api/v1
  specs:
    chef_handler (1.1.6)
    minitest-handler (1.3.2)
      chef_handler (>= 0.0.0)
    packagecloud (0.0.17)

PATH
  remote: .
  specs:
    runit (1.5.18)
      packagecloud (>= 0.0.0)

PATH
  remote: ./test/cookbooks/runit-other_test
  specs:
    runit-other_test (1.0.0)

PATH
  remote: ./test/cookbooks/runit_test
  specs:
    runit_test (1.0.0)

DEPENDENCIES
  minitest-handler (>= 0)
  runit (>= 0)
  runit-other_test (>= 0)
  runit_test (>= 0)

